github.com/a8m/tree v0.0.0-20210115125333-10a5fd5b637d/go.mod h1:FSdwKX97koS5efgm8WevNf7XS3PqtyFkKDDXrz778cg=
github.com/davecgh/go-xdr v0.0.0-20161123171359-e6a2ba005892/go.mod h1:CTDl0pzVzE5DEzZhPfvhY/9sPFMQIxaJ9VAMs9AagrE=
github.com/google/uuid v0.0.0-20170306145142-6a5e28554805 h1:skl44gU1qEIcRpwKjb9bhlRwjvr96wLdvpTogCBBJe8=
github.com/google/uuid v0.0.0-20170306145142-6a5e28554805/go.mod h1:TIyPZe4MgqvfeYDBFedMoGGpEw/LqOeaOT+nhxU+yHo=
github.com/kr/pretty v0.1.0/go.mod h1:dAy3ld7l9f0ibDNOQOHHMYYIIbhfbHSm3C4ZsoJORNo=
github.com/kr/pty v1.1.1/go.mod h1:pFQYn66WHrOpPYNljwOMqo10TkYh1fy3cYio2l3bCsQ=
github.com/kr/text v0.1.0/go.mod h1:4Jbv+DJW3UT/LiOwJeYQe1efqtUx/iVham/4vfdArNI=
github.com/vmware/govmomi v0.25.0 h1:EOlLkucY7mxLTDt9xUektZWlKu3TfmoCdYt/Pb6RFxw=
github.com/vmware/govmomi v0.25.0/go.mod h1:bi7jKMEW2kgT/dO5LrVPsVjS3apHGz0sDmY3ADSxHRQ=
github.com/vmware/vmw-guestinfo v0.0.0-20170707015358-25eff159a728/go.mod h1:x9oS4Wk2s2u4tS29nEaDLdzvuHdB19CvSGJjPgkZJNk=
